
Microsoft Visual Studio Solution File, Format Version 12.00
# Visual Studio Version 17
VisualStudioVersion = 17.7.34202.233
MinimumVisualStudioVersion = 10.0.40219.1
Project("{FAE04EC0-301F-11D3-BF4B-00C04F79EFBC}") = "MagicVilla_API", "MagicVilla_API\MagicVilla_API.csproj", "{C339D871-C030-471C-95CB-97BB5B13539C}"
EndProject
Global
	GlobalSection(SolutionConfigurationPlatforms) = preSolution
		Debug|Any CPU = Debug|Any CPU
		Release|Any CPU = Release|Any CPU
	EndGlobalSection
	GlobalSection(ProjectConfigurationPlatforms) = postSolution
		{C339D871-C030-471C-95CB-97BB5B13539C}.Debug|Any CPU.ActiveCfg = Debug|Any CPU
		{C339D871-C030-471C-95CB-97BB5B13539C}.Debug|Any CPU.Build.0 = Debug|Any CPU
		{C339D871-C030-471C-95CB-97BB5B13539C}.Release|Any CPU.ActiveCfg = Release|Any CPU
		{C339D871-C030-471C-95CB-97BB5B13539C}.Release|Any CPU.Build.0 = Release|Any CPU
	EndGlobalSection
	GlobalSection(SolutionProperties) = preSolution
		HideSolutionNode = FALSE
	EndGlobalSection
	GlobalSection(ExtensibilityGlobals) = postSolution
		SolutionGuid = {355B3F43-377F-4596-9E74-B82ABE85D201}
	EndGlobalSection
EndGlobal
